// !$*UTF8*$!
{
	archiveVersion = 1;
	classes = {
	};
	objectVersion = 50;
	objects = {

/* Begin PBXBuildFile section */
		8486AF3F238FAED4002ED6DA /* AppDelegate.m in Sources */ = {isa = PBXBuildFile; fileRef = 8486AF3E238FAED4002ED6DA /* AppDelegate.m */; };
		8486AF42238FAED4002ED6DA /* SceneDelegate.m in Sources */ = {isa = PBXBuildFile; fileRef = 8486AF41238FAED4002ED6DA /* SceneDelegate.m */; };
		8486AF45238FAED4002ED6DA /* ViewController.m in Sources */ = {isa = PBXBuildFile; fileRef = 8486AF44238FAED4002ED6DA /* ViewController.m */; };
		8486AF48238FAED4002ED6DA /* Main.storyboard in Resources */ = {isa = PBXBuildFile; fileRef = 8486AF46238FAED4002ED6DA /* Main.storyboard */; };
		8486AF4A238FAED6002ED6DA /* Assets.xcassets in Resources */ = {isa = PBXBuildFile; fileRef = 8486AF49238FAED6002ED6DA /* Assets.xcassets */; };
		8486AF4D238FAED6002ED6DA /* LaunchScreen.storyboard in Resources */ = {isa = PBXBuildFile; fileRef = 8486AF4B238FAED6002ED6DA /* LaunchScreen.storyboard */; };
		8486AF50238FAED6002ED6DA /* main.m in Sources */ = {isa = PBXBuildFile; fileRef = 8486AF4F238FAED6002ED6DA /* main.m */; };
		8486AF59238FAEFE002ED6DA /* CandyTool.m in Sources */ = {isa = PBXBuildFile; fileRef = 8486AF58238FAEFE002ED6DA /* CandyTool.m */; };
/* End PBXBuildFile section */

/* Begin PBXFileReference section */
		8486AF3A238FAED4002ED6DA /* DelegateMode.app */ = {isa = PBXFileReference; explicitFileType = wrapper.application; includeInIndex = 0; path = DelegateMode.app; sourceTree = BUILT_PRODUCTS_DIR; };
		8486AF3D238FAED4002ED6DA /* AppDelegate.h */ = {isa = PBXFileReference; lastKnownFileType = sourcecode.c.h; path = AppDelegate.h; sourceTree = "<group>"; };
		8486AF3E238FAED4002ED6DA /* AppDelegate.m */ = {isa = PBXFileReference; lastKnownFileType = sourcecode.c.objc; path = AppDelegate.m; sourceTree = "<group>"; };
		8486AF40238FAED4002ED6DA /* SceneDelegate.h */ = {isa = PBXFileReference; lastKnownFileType = sourcecode.c.h; path = SceneDelegate.h; sourceTree = "<group>"; };
		8486AF41238FAED4002ED6DA /* SceneDelegate.m */ = {isa = PBXFileReference; lastKnownFileType = sourcecode.c.objc; path = SceneDelegate.m; sourceTree = "<group>"; };
		8486AF43238FAED4002ED6DA /* ViewController.h */ = {isa = PBXFileReference; lastKnownFileType = sourcecode.c.h; path = ViewController.h; sourceTree = "<group>"; };
		8486AF44238FAED4002ED6DA /* ViewController.m */ = {isa = PBXFileReference; lastKnownFileType = sourcecode.c.objc; path = ViewController.m; sourceTree = "<group>"; };
		8486AF47238FAED4002ED6DA /* Base */ = {isa = PBXFileReference; lastKnownFileType = file.storyboard; name = Base; path = Base.lproj/Main.storyboard; sourceTree = "<group>"; };
		8486AF49238FAED6002ED6DA /* Assets.xcassets */ = {isa = PBXFileReference; lastKnownFileType = folder.assetcatalog; path = Assets.xcassets; sourceTree = "<group>"; };
		8486AF4C238FAED6002ED6DA /* Base */ = {isa = PBXFileReference; lastKnownFileType = file.storyboard; name = Base; path = Base.lproj/LaunchScreen.storyboard; sourceTree = "<group>"; };
		8486AF4E238FAED6002ED6DA /* Info.plist */ = {isa = PBXFileReference; lastKnownFileType = text.plist.xml; path = Info.plist; sourceTree = "<group>"; };
		8486AF4F238FAED6002ED6DA /* main.m */ = {isa = PBXFileReference; lastKnownFileType = sourcecode.c.objc; path = main.m; sourceTree = "<group>"; };
		8486AF57238FAEFE002ED6DA /* CandyTool.h */ = {isa = PBXFileReference; lastKnownFileType = sourcecode.c.h; path = CandyTool.h; sourceTree = "<group>"; };
		8486AF58238FAEFE002ED6DA /* CandyTool.m */ = {isa = PBXFileReference; lastKnownFileType = sourcecode.c.objc; path = CandyTool.m; sourceTree = "<group>"; };
/* End PBXFileReference section */

/* Begin PBXFrameworksBuildPhase section */
		8486AF37238FAED4002ED6DA /* Frameworks */ = {
			isa = PBXFrameworksBuildPhase;
			buildActionMask = 2147483647;
			files = (
			);
			runOnlyForDeploymentPostprocessing = 0;
		};
/* End PBXFrameworksBuildPhase section */

/* Begin PBXGroup section */
		8486AF31238FAED3002ED6DA = {
			isa = PBXGroup;
			children = (
				8486AF3C238FAED4002ED6DA /* DelegateMode */,
				8486AF3B238FAED4002ED6DA /* Products */,
			);
			sourceTree = "<group>";
		};
		8486AF3B238FAED4002ED6DA /* Products */ = {
			isa = PBXGroup;
			children = (
				8486AF3A238FAED4002ED6DA /* DelegateMode.app */,
			);
			name = Products;
			sourceTree = "<group>";
		};
		8486AF3C238FAED4002ED6DA /* DelegateMode */ = {
			isa = PBXGroup;
			children = (
				8486AF56238FAEDC002ED6DA /* Mode */,
				8486AF3D238FAED4002ED6DA /* AppDelegate.h */,
				8486AF3E238FAED4002ED6DA /* AppDelegate.m */,
				8486AF40238FAED4002ED6DA /* SceneDelegate.h */,
				8486AF41238FAED4002ED6DA /* SceneDelegate.m */,
				8486AF43238FAED4002ED6DA /* ViewController.h */,
				8486AF44238FAED4002ED6DA /* ViewController.m */,
				8486AF46238FAED4002ED6DA /* Main.storyboard */,
				8486AF49238FAED6002ED6DA /* Assets.xcassets */,
				8486AF4B238FAED6002ED6DA /* LaunchScreen.storyboard */,
				8486AF4E238FAED6002ED6DA /* Info.plist */,
				8486AF4F238FAED6002ED6DA /* main.m */,
			);
			path = DelegateMode;
			sourceTree = "<group>";
		};
		8486AF56238FAEDC002ED6DA /* Mode */ = {
			isa = PBXGroup;
			children = (
				8486AF57238FAEFE002ED6DA /* CandyTool.h */,
				8486AF58238FAEFE002ED6DA /* CandyTool.m */,
			);
			path = Mode;
			sourceTree = "<group>";
		};
/* End PBXGroup section */

/* Begin PBXNativeTarget section */
		8486AF39238FAED4002ED6DA /* DelegateMode */ = {
			isa = PBXNativeTarget;
			buildConfigurationList = 8486AF53238FAED6002ED6DA /* Build configuration list for PBXNativeTarget "DelegateMode" */;
			buildPhases = (
				8486AF36238FAED4002ED6DA /* Sources */,
				8486AF37238FAED4002ED6DA /* Frameworks */,
				8486AF38238FAED4002ED6DA /* Resources */,
			);
			buildRules = (
			);
			dependencies = (
			);
			name = DelegateMode;
			productName = DelegateMode;
			productReference = 8486AF3A238FAED4002ED6DA /* DelegateMode.app */;
			productType = "com.apple.product-type.application";
		};
/* End PBXNativeTarget section */

/* Begin PBXProject section */
		8486AF32238FAED3002ED6DA /* Project object */ = {
			isa = PBXProject;
			attributes = {
				LastUpgradeCheck = 1120;
				ORGANIZATIONNAME = "居然是村长";
				TargetAttributes = {
					8486AF39238FAED4002ED6DA = {
						CreatedOnToolsVersion = 11.2.1;
					};
				};
			};
			buildConfigurationList = 8486AF35238FAED3002ED6DA /* Build configuration list for PBXProject "DelegateMode" */;
			compatibilityVersion = "Xcode 9.3";
			developmentRegion = en;
			hasScannedForEncodings = 0;
			knownRegions = (
				en,
				Base,
			);
			mainGroup = 8486AF31238FAED3002ED6DA;
			productRefGroup = 8486AF3B238FAED4002ED6DA /* Products */;
			projectDirPath = "";
			projectRoot = "";
			targets = (
				8486AF39238FAED4002ED6DA /* DelegateMode */,
			);
		};
/* End PBXProject section */

/* Begin PBXResourcesBuildPhase section */
		8486AF38238FAED4002ED6DA /* Resources */ = {
			isa = PBXResourcesBuildPhase;
			buildActionMask = 2147483647;
			files = (
				8486AF4D238FAED6002ED6DA /* LaunchScreen.storyboard in Resources */,
				8486AF4A238FAED6002ED6DA /* Assets.xcassets in Resources */,
				8486AF48238FAED4002ED6DA /* Main.storyboard in Resources */,
			);
			runOnlyForDeploymentPostprocessing = 0;
		};
/* End PBXResourcesBuildPhase section */

/* Begin PBXSourcesBuildPhase section */
		8486AF36238FAED4002ED6DA /* Sources */ = {
			isa = PBXSourcesBuildPhase;
			buildActionMask = 2147483647;
			files = (
				8486AF59238FAEFE002ED6DA /* CandyTool.m in Sources */,
				8486AF45238FAED4002ED6DA /* ViewController.m in Sources */,
				8486AF3F238FAED4002ED6DA /* AppDelegate.m in Sources */,
				8486AF50238FAED6002ED6DA /* main.m in Sources */,
				8486AF42238FAED4002ED6DA /* SceneDelegate.m in Sources */,
			);
			runOnlyForDeploymentPostprocessing = 0;
		};
/* End PBXSourcesBuildPhase section */

/* Begin PBXVariantGroup section */
		8486AF46238FAED4002ED6DA /* Main.storyboard */ = {
			isa = PBXVariantGroup;
			children = (
				8486AF47238FAED4002ED6DA /* Base */,
			);
			name = Main.storyboard;
			sourceTree = "<group>";
		};
		8486AF4B238FAED6002ED6DA /* LaunchScreen.storyboard */ = {
			isa = PBXVariantGroup;
			children = (
				8486AF4C238FAED6002ED6DA /* Base */,
			);
			name = LaunchScreen.storyboard;
			sourceTree = "<group>";
		};
/* End PBXVariantGroup section */

/* Begin XCBuildConfiguration section */
		8486AF51238FAED6002ED6DA /* Debug */ = {
			isa = XCBuildConfiguration;
			buildSettings = {
				ALWAYS_SEARCH_USER_PATHS = NO;
				CLANG_ANALYZER_NONNULL = YES;
				CLANG_ANALYZER_NUMBER_OBJECT_CONVERSION = YES_AGGRESSIVE;
				CLANG_CXX_LANGUAGE_STANDARD = "gnu++14";
				CLANG_CXX_LIBRARY = "libc++";
				CLANG_ENABLE_MODULES = YES;
				CLANG_ENABLE_OBJC_ARC = YES;
				CLANG_ENABLE_OBJC_WEAK = YES;
				CLANG_WARN_BLOCK_CAPTURE_AUTORELEASING = YES;
				CLANG_WARN_BOOL_CONVERSION = YES;
				CLANG_WARN_COMMA = YES;
				CLANG_WARN_CONSTANT_CONVERSION = YES;
				CLANG_WARN_DEPRECATED_OBJC_IMPLEMENTATIONS = YES;
				CLANG_WARN_DIRECT_OBJC_ISA_USAGE = YES_ERROR;
				CLANG_WARN_DOCUMENTATION_COMMENTS = YES;
				CLANG_WARN_EMPTY_BODY = YES;
				CLANG_WARN_ENUM_CONVERSION = YES;
				CLANG_WARN_INFINITE_RECURSION = YES;
				CLANG_WARN_INT_CONVERSION = YES;
				CLANG_WARN_NON_LITERAL_NULL_CONVERSION = YES;
				CLANG_WARN_OBJC_IMPLICIT_RETAIN_SELF = YES;
				CLANG_WARN_OBJC_LITERAL_CONVERSION = YES;
				CLANG_WARN_OBJC_ROOT_CLASS = YES_ERROR;
				CLANG_WARN_RANGE_LOOP_ANALYSIS = YES;
				CLANG_WARN_STRICT_PROTOTYPES = YES;
				CLANG_WARN_SUSPICIOUS_MOVE = YES;
				CLANG_WARN_UNGUARDED_AVAILABILITY = YES_AGGRESSIVE;
				CLANG_WARN_UNREACHABLE_CODE = YES;
				CLANG_WARN__DUPLICATE_METHOD_MATCH = YES;
				COPY_PHASE_STRIP = NO;
				DEBUG_INFORMATION_FORMAT = dwarf;
				ENABLE_STRICT_OBJC_MSGSEND = YES;
				ENABLE_TESTABILITY = YES;
				GCC_C_LANGUAGE_STANDARD = gnu11;
				GCC_DYNAMIC_NO_PIC = NO;
				GCC_NO_COMMON_BLOCKS = YES;
				GCC_OPTIMIZATION_LEVEL = 0;
				GCC_PREPROCESSOR_DEFINITIONS = (
					"DEBUG=1",
					"$(inherited)",
				);
				GCC_WARN_64_TO_32_BIT_CONVERSION = YES;
				GCC_WARN_ABOUT_RETURN_TYPE = YES_ERROR;
				GCC_WARN_UNDECLARED_SELECTOR = YES;
				GCC_WARN_UNINITIALIZED_AUTOS = YES_AGGRESSIVE;
				GCC_WARN_UNUSED_FUNCTION = YES;
				GCC_WARN_UNUSED_VARIABLE = YES;
				IPHONEOS_DEPLOYMENT_TARGET = 13.2;
				MTL_ENABLE_DEBUG_INFO = INCLUDE_SOURCE;
				MTL_FAST_MATH = YES;
				ONLY_ACTIVE_ARCH = YES;
				SDKROOT = iphoneos;
			};
			name = Debug;
		};
		8486AF52238FAED6002ED6DA /* Release */ = {
			isa = XCBuildConfiguration;
			buildSettings = {
				ALWAYS_SEARCH_USER_PATHS = NO;
				CLANG_ANALYZER_NONNULL = YES;
				CLANG_ANALYZER_NUMBER_OBJECT_CONVERSION = YES_AGGRESSIVE;
				CLANG_CXX_LANGUAGE_STANDARD = "gnu++14";
				CLANG_CXX_LIBRARY = "libc++";
				CLANG_ENABLE_MODULES = YES;
				CLANG_ENABLE_OBJC_ARC = YES;
				CLANG_ENABLE_OBJC_WEAK = YES;
				CLANG_WARN_BLOCK_CAPTURE_AUTORELEASING = YES;
				CLANG_WARN_BOOL_CONVERSION = YES;
				CLANG_WARN_COMMA = YES;
				CLANG_WARN_CONSTANT_CONVERSION = YES;
				CLANG_WARN_DEPRECATED_OBJC_IMPLEMENTATIONS = YES;
				CLANG_WARN_DIRECT_OBJC_ISA_USAGE = YES_ERROR;
				CLANG_WARN_DOCUMENTATION_COMMENTS = YES;
				CLANG_WARN_EMPTY_BODY = YES;
				CLANG_WARN_ENUM_CONVERSION = YES;
				CLANG_WARN_INFINITE_RECURSION = YES;
				CLANG_WARN_INT_CONVERSION = YES;
				CLANG_WARN_NON_LITERAL_NULL_CONVERSION = YES;
				CLANG_WARN_OBJC_IMPLICIT_RETAIN_SELF = YES;
				CLANG_WARN_OBJC_LITERAL_CONVERSION = YES;
				CLANG_WARN_OBJC_ROOT_CLASS = YES_ERROR;
				CLANG_WARN_RANGE_LOOP_ANALYSIS = YES;
				CLANG_WARN_STRICT_PROTOTYPES = YES;
				CLANG_WARN_SUSPICIOUS_MOVE = YES;
				CLANG_WARN_UNGUARDED_AVAILABILITY = YES_AGGRESSIVE;
				CLANG_WARN_UNREACHABLE_CODE = YES;
				CLANG_WARN__DUPLICATE_METHOD_MATCH = YES;
				COPY_PHASE_STRIP = NO;
				DEBUG_INFORMATION_FORMAT = "dwarf-with-dsym";
				ENABLE_NS_ASSERTIONS = NO;
				ENABLE_STRICT_OBJC_MSGSEND = YES;
				GCC_C_LANGUAGE_STANDARD = gnu11;
				GCC_NO_COMMON_BLOCKS = YES;
				GCC_WARN_64_TO_32_BIT_CONVERSION = YES;
				GCC_WARN_ABOUT_RETURN_TYPE = YES_ERROR;
				GCC_WARN_UNDECLARED_SELECTOR = YES;
				GCC_WARN_UNINITIALIZED_AUTOS = YES_AGGRESSIVE;
				GCC_WARN_UNUSED_FUNCTION = YES;
				GCC_WARN_UNUSED_VARIABLE = YES;
				IPHONEOS_DEPLOYMENT_TARGET = 13.2;
				MTL_ENABLE_DEBUG_INFO = NO;
				MTL_FAST_MATH = YES;
				SDKROOT = iphoneos;
				VALIDATE_PRODUCT = YES;
			};
			name = Release;
		};
		8486AF54238FAED6002ED6DA /* Debug */ = {
			isa = XCBuildConfiguration;
			buildSettings = {
				ASSETCATALOG_COMPILER_APPICON_NAME = AppIcon;
				CODE_SIGN_STYLE = Automatic;
				DEVELOPMENT_TEAM = TZUL3JZQ3E;
				INFOPLIST_FILE = DelegateMode/Info.plist;
				LD_RUNPATH_SEARCH_PATHS = (
					"$(inherited)",
					"@executable_path/Frameworks",
				);
				PRODUCT_BUNDLE_IDENTIFIER = com.juyiwei.DelegateMode;
				PRODUCT_NAME = "$(TARGET_NAME)";
				TARGETED_DEVICE_FAMILY = "1,2";
			};
			name = Debug;
		};
		8486AF55238FAED6002ED6DA /* Release */ = {
			isa = XCBuildConfiguration;
			buildSettings = {
				ASSETCATALOG_COMPILER_APPICON_NAME = AppIcon;
				CODE_SIGN_STYLE = Automatic;
				DEVELOPMENT_TEAM = TZUL3JZQ3E;
				INFOPLIST_FILE = DelegateMode/Info.plist;
				LD_RUNPATH_SEARCH_PATHS = (
					"$(inherited)",
					"@executable_path/Frameworks",
				);
				PRODUCT_BUNDLE_IDENTIFIER = com.juyiwei.DelegateMode;
				PRODUCT_NAME = "$(TARGET_NAME)";
				TARGETED_DEVICE_FAMILY = "1,2";
			};
			name = Release;
		};
/* End XCBuildConfiguration section */

/* Begin XCConfigurationList section */
		8486AF35238FAED3002ED6DA /* Build configuration list for PBXProject "DelegateMode" */ = {
			isa = XCConfigurationList;
			buildConfigurations = (
				8486AF51238FAED6002ED6DA /* Debug */,
				8486AF52238FAED6002ED6DA /* Release */,
			);
			defaultConfigurationIsVisible = 0;
			defaultConfigurationName = Release;
		};
		8486AF53238FAED6002ED6DA /* Build configuration list for PBXNativeTarget "DelegateMode" */ = {
			isa = XCConfigurationList;
			buildConfigurations = (
				8486AF54238FAED6002ED6DA /* Debug */,
				8486AF55238FAED6002ED6DA /* Release */,
			);
			defaultConfigurationIsVisible = 0;
			defaultConfigurationName = Release;
		};
/* End XCConfigurationList section */
	};
	rootObject = 8486AF32238FAED3002ED6DA /* Project object */;
}
